
Microsoft Visual Studio Solution File, Format Version 12.00
Project("{FAE04EC0-301F-11D3-BF4B-00C04F79EFBC}") = "WhateverDotNet.Engine", "WhateverDotNet.Engine\WhateverDotNet.Engine.csproj", "{379757F1-72BE-4BCB-9854-60C0121AF4F0}"
EndProject
Project("{FAE04EC0-301F-11D3-BF4B-00C04F79EFBC}") = "WhateverDotNet.Reqnroll", "WhateverDotNet.Reqnroll\WhateverDotNet.Reqnroll.csproj", "{E47CD7DF-AC4F-4F45-B22C-B88CBD84FAB0}"
EndProject
Project("{FAE04EC0-301F-11D3-BF4B-00C04F79EFBC}") = "WhateverDotNet.Components", "WhateverDotNet.Components\WhateverDotNet.Components.csproj", "{66CEA2A6-8EF2-4CA6-ACD1-CA8B7C190C2A}"
EndProject
Project("{FAE04EC0-301F-11D3-BF4B-00C04F79EFBC}") = "WhateverDotNet.Abstractions", "WhateverDotNet.Abstractions\WhateverDotNet.Abstractions.csproj", "{D7E3ABA0-093A-438C-8704-CC2613A9F96F}"
EndProject
Project("{FAE04EC0-301F-11D3-BF4B-00C04F79EFBC}") = "WhateverDotNet.Reporting.Contracts", "WhateverDotNet.Reporting.Contracts\WhateverDotNet.Reporting.Contracts.csproj", "{52CFC74F-0B6C-4B5F-9437-92AB24254FED}"
EndProject
Project("{FAE04EC0-301F-11D3-BF4B-00C04F79EFBC}") = "WhateverDotNet.AzureDevOps.SyncTool", "WhateverDotNet.AzureDevOps.SyncTool\WhateverDotNet.AzureDevOps.SyncTool.csproj", "{55FF0965-8BF5-4C30-8BE9-CA0AB677B1D7}"
EndProject
Project("{FAE04EC0-301F-11D3-BF4B-00C04F79EFBC}") = "WhateverDotNet.Reporting.Cucumber.Parser", "WhateverDotNet.Reporting.Cucumber.Parser\WhateverDotNet.Reporting.Cucumber.Parser.csproj", "{1F6E738F-098E-4562-A5C9-BA9395AA3E61}"
EndProject
Project("{FAE04EC0-301F-11D3-BF4B-00C04F79EFBC}") = "WhateverDotNet.Reporting.AzureDevOps", "WhateverDotNet.Reporting.AzureDevOps\WhateverDotNet.Reporting.AzureDevOps.csproj", "{FEED1F69-2A5D-4B62-99B8-00126A534AA2}"
EndProject
Global
	GlobalSection(SolutionConfigurationPlatforms) = preSolution
		Debug|Any CPU = Debug|Any CPU
		Release|Any CPU = Release|Any CPU
	EndGlobalSection
	GlobalSection(ProjectConfigurationPlatforms) = postSolution
		{379757F1-72BE-4BCB-9854-60C0121AF4F0}.Debug|Any CPU.ActiveCfg = Debug|Any CPU
		{379757F1-72BE-4BCB-9854-60C0121AF4F0}.Debug|Any CPU.Build.0 = Debug|Any CPU
		{379757F1-72BE-4BCB-9854-60C0121AF4F0}.Release|Any CPU.ActiveCfg = Release|Any CPU
		{379757F1-72BE-4BCB-9854-60C0121AF4F0}.Release|Any CPU.Build.0 = Release|Any CPU
		{E47CD7DF-AC4F-4F45-B22C-B88CBD84FAB0}.Debug|Any CPU.ActiveCfg = Debug|Any CPU
		{E47CD7DF-AC4F-4F45-B22C-B88CBD84FAB0}.Debug|Any CPU.Build.0 = Debug|Any CPU
		{E47CD7DF-AC4F-4F45-B22C-B88CBD84FAB0}.Release|Any CPU.ActiveCfg = Release|Any CPU
		{E47CD7DF-AC4F-4F45-B22C-B88CBD84FAB0}.Release|Any CPU.Build.0 = Release|Any CPU
		{66CEA2A6-8EF2-4CA6-ACD1-CA8B7C190C2A}.Debug|Any CPU.ActiveCfg = Debug|Any CPU
		{66CEA2A6-8EF2-4CA6-ACD1-CA8B7C190C2A}.Debug|Any CPU.Build.0 = Debug|Any CPU
		{66CEA2A6-8EF2-4CA6-ACD1-CA8B7C190C2A}.Release|Any CPU.ActiveCfg = Release|Any CPU
		{66CEA2A6-8EF2-4CA6-ACD1-CA8B7C190C2A}.Release|Any CPU.Build.0 = Release|Any CPU
		{D7E3ABA0-093A-438C-8704-CC2613A9F96F}.Debug|Any CPU.ActiveCfg = Debug|Any CPU
		{D7E3ABA0-093A-438C-8704-CC2613A9F96F}.Debug|Any CPU.Build.0 = Debug|Any CPU
		{D7E3ABA0-093A-438C-8704-CC2613A9F96F}.Release|Any CPU.ActiveCfg = Release|Any CPU
		{D7E3ABA0-093A-438C-8704-CC2613A9F96F}.Release|Any CPU.Build.0 = Release|Any CPU
		{52CFC74F-0B6C-4B5F-9437-92AB24254FED}.Debug|Any CPU.ActiveCfg = Debug|Any CPU
		{52CFC74F-0B6C-4B5F-9437-92AB24254FED}.Debug|Any CPU.Build.0 = Debug|Any CPU
		{52CFC74F-0B6C-4B5F-9437-92AB24254FED}.Release|Any CPU.ActiveCfg = Release|Any CPU
		{52CFC74F-0B6C-4B5F-9437-92AB24254FED}.Release|Any CPU.Build.0 = Release|Any CPU
		{55FF0965-8BF5-4C30-8BE9-CA0AB677B1D7}.Debug|Any CPU.ActiveCfg = Debug|Any CPU
		{55FF0965-8BF5-4C30-8BE9-CA0AB677B1D7}.Debug|Any CPU.Build.0 = Debug|Any CPU
		{55FF0965-8BF5-4C30-8BE9-CA0AB677B1D7}.Release|Any CPU.ActiveCfg = Release|Any CPU
		{55FF0965-8BF5-4C30-8BE9-CA0AB677B1D7}.Release|Any CPU.Build.0 = Release|Any CPU
		{1F6E738F-098E-4562-A5C9-BA9395AA3E61}.Debug|Any CPU.ActiveCfg = Debug|Any CPU
		{1F6E738F-098E-4562-A5C9-BA9395AA3E61}.Debug|Any CPU.Build.0 = Debug|Any CPU
		{1F6E738F-098E-4562-A5C9-BA9395AA3E61}.Release|Any CPU.ActiveCfg = Release|Any CPU
		{1F6E738F-098E-4562-A5C9-BA9395AA3E61}.Release|Any CPU.Build.0 = Release|Any CPU
		{FEED1F69-2A5D-4B62-99B8-00126A534AA2}.Debug|Any CPU.ActiveCfg = Debug|Any CPU
		{FEED1F69-2A5D-4B62-99B8-00126A534AA2}.Debug|Any CPU.Build.0 = Debug|Any CPU
		{FEED1F69-2A5D-4B62-99B8-00126A534AA2}.Release|Any CPU.ActiveCfg = Release|Any CPU
		{FEED1F69-2A5D-4B62-99B8-00126A534AA2}.Release|Any CPU.Build.0 = Release|Any CPU
	EndGlobalSection
EndGlobal
